// !$*UTF8*$!
{
	archiveVersion = 1;
	classes = {
	};
	objectVersion = 46;
	objects = {

/* Begin PBXBuildFile section */
		A00DFD481AA29187007DFBF8 /* stringsExtensions.swift in Sources */ = {isa = PBXBuildFile; fileRef = A00DFD471AA29187007DFBF8 /* stringsExtensions.swift */; };
		A00DFD4B1AA2981A007DFBF8 /* ColorExtensions.swift in Sources */ = {isa = PBXBuildFile; fileRef = A00DFD4A1AA2981A007DFBF8 /* ColorExtensions.swift */; };
		A00DFD4F1AA2987F007DFBF8 /* LoginView.swift in Sources */ = {isa = PBXBuildFile; fileRef = A00DFD4E1AA2987F007DFBF8 /* LoginView.swift */; };
		A00F4EC31ABADB930054EF6F /* SettingsView.swift in Sources */ = {isa = PBXBuildFile; fileRef = A00F4EC21ABADB930054EF6F /* SettingsView.swift */; };
		A01734EF1AC9F390000DA388 /* GoogleDataProvider.swift in Sources */ = {isa = PBXBuildFile; fileRef = A01734EE1AC9F390000DA388 /* GoogleDataProvider.swift */; };
		A01734F11AC9F39C000DA388 /* GooglePlace.swift in Sources */ = {isa = PBXBuildFile; fileRef = A01734F01AC9F39C000DA388 /* GooglePlace.swift */; };
		A01734F41ACAA0AD000DA388 /* CompanyInfo.swift in Sources */ = {isa = PBXBuildFile; fileRef = A01734F31ACAA0AD000DA388 /* CompanyInfo.swift */; };
		A01734F81ACD049A000DA388 /* SearchFiltersView.swift in Sources */ = {isa = PBXBuildFile; fileRef = A01734F71ACD049A000DA388 /* SearchFiltersView.swift */; };
		A025A7A41AD5371200FA9170 /* AutoData.swift in Sources */ = {isa = PBXBuildFile; fileRef = A025A7A31AD5371200FA9170 /* AutoData.swift */; };
		A033BDBA1AA3E3A200BB7E9E /* PassReminderView.swift in Sources */ = {isa = PBXBuildFile; fileRef = A033BDB91AA3E3A200BB7E9E /* PassReminderView.swift */; };
		A054E2B21AA89E94009F021E /* SwiftSpinner.swift in Sources */ = {isa = PBXBuildFile; fileRef = A054E2B11AA89E94009F021E /* SwiftSpinner.swift */; };
		A054E2B41AA8ABE3009F021E /* SpinnerStub.swift in Sources */ = {isa = PBXBuildFile; fileRef = A054E2B31AA8ABE3009F021E /* SpinnerStub.swift */; };
		A054E2B81AA8ED64009F021E /* FXBlurView.m in Sources */ = {isa = PBXBuildFile; fileRef = A054E2B71AA8ED64009F021E /* FXBlurView.m */; };
		A054E2BA1AA8ED81009F021E /* Accelerate.framework in Frameworks */ = {isa = PBXBuildFile; fileRef = A054E2B91AA8ED81009F021E /* Accelerate.framework */; };
		A054E2BC1AAA044E009F021E /* GoogleMaps.framework in Frameworks */ = {isa = PBXBuildFile; fileRef = A054E2BB1AAA044E009F021E /* GoogleMaps.framework */; };
		A054E2BE1AAA048D009F021E /* GoogleMaps.bundle in Resources */ = {isa = PBXBuildFile; fileRef = A054E2BD1AAA048C009F021E /* GoogleMaps.bundle */; };
		A054E2C11AAA04EC009F021E /* AVFoundation.framework in Frameworks */ = {isa = PBXBuildFile; fileRef = A054E2C01AAA04EC009F021E /* AVFoundation.framework */; };
		A054E2C31AAA04F1009F021E /* CoreData.framework in Frameworks */ = {isa = PBXBuildFile; fileRef = A054E2C21AAA04F1009F021E /* CoreData.framework */; };
		A054E2C51AAA04F7009F021E /* CoreLocation.framework in Frameworks */ = {isa = PBXBuildFile; fileRef = A054E2C41AAA04F7009F021E /* CoreLocation.framework */; };
		A054E2C71AAA04FE009F021E /* CoreText.framework in Frameworks */ = {isa = PBXBuildFile; fileRef = A054E2C61AAA04FE009F021E /* CoreText.framework */; };
		A054E2C91AAA0507009F021E /* GLKit.framework in Frameworks */ = {isa = PBXBuildFile; fileRef = A054E2C81AAA0507009F021E /* GLKit.framework */; };
		A054E2CB1AAA050F009F021E /* ImageIO.framework in Frameworks */ = {isa = PBXBuildFile; fileRef = A054E2CA1AAA050F009F021E /* ImageIO.framework */; };
		A054E2CD1AAA051A009F021E /* libc++.dylib in Frameworks */ = {isa = PBXBuildFile; fileRef = A054E2CC1AAA051A009F021E /* libc++.dylib */; };
		A054E2CF1AAA0529009F021E /* libicucore.dylib in Frameworks */ = {isa = PBXBuildFile; fileRef = A054E2CE1AAA0529009F021E /* libicucore.dylib */; };
		A054E2D11AAA0530009F021E /* libz.dylib in Frameworks */ = {isa = PBXBuildFile; fileRef = A054E2D01AAA0530009F021E /* libz.dylib */; };
		A054E2D31AAA0537009F021E /* OpenGLES.framework in Frameworks */ = {isa = PBXBuildFile; fileRef = A054E2D21AAA0537009F021E /* OpenGLES.framework */; };
		A054E2D51AAA0541009F021E /* SystemConfiguration.framework in Frameworks */ = {isa = PBXBuildFile; fileRef = A054E2D41AAA0541009F021E /* SystemConfiguration.framework */; };
		A054E2DA1AAA5668009F021E /* VZMapViewController.swift in Sources */ = {isa = PBXBuildFile; fileRef = A054E2D91AAA5668009F021E /* VZMapViewController.swift */; };
		A05C297F1AB7F031007CFC22 /* AvatarPickerViewController.swift in Sources */ = {isa = PBXBuildFile; fileRef = A05C297E1AB7F031007CFC22 /* AvatarPickerViewController.swift */; };
		A07AEE1D1AD30E3A0030F6A2 /* libTestFairy.a in Frameworks */ = {isa = PBXBuildFile; fileRef = A07AEE1A1AD30E3A0030F6A2 /* libTestFairy.a */; };
		A07AEE1E1AD30E3A0030F6A2 /* upload-dsym.sh in Resources */ = {isa = PBXBuildFile; fileRef = A07AEE1C1AD30E3A0030F6A2 /* upload-dsym.sh */; };
		A07AEE201AD30EC20030F6A2 /* CoreMedia.framework in Frameworks */ = {isa = PBXBuildFile; fileRef = A07AEE1F1AD30EC20030F6A2 /* CoreMedia.framework */; };
		A07AEE221AD30ECB0030F6A2 /* CoreMotion.framework in Frameworks */ = {isa = PBXBuildFile; fileRef = A07AEE211AD30ECB0030F6A2 /* CoreMotion.framework */; };
		A08E72611AA2AB79008CB6A4 /* TextFieldWithMargin.swift in Sources */ = {isa = PBXBuildFile; fileRef = A08E72601AA2AB79008CB6A4 /* TextFieldWithMargin.swift */; };
		A08E72771AA2B5B8008CB6A4 /* RMPhoneFormat.m in Sources */ = {isa = PBXBuildFile; fileRef = A08E72761AA2B5B8008CB6A4 /* RMPhoneFormat.m */; };
		A08E72831AA2B829008CB6A4 /* GCD.swift in Sources */ = {isa = PBXBuildFile; fileRef = A08E727B1AA2B829008CB6A4 /* GCD.swift */; };
		A08E72841AA2B829008CB6A4 /* Net.swift in Sources */ = {isa = PBXBuildFile; fileRef = A08E727C1AA2B829008CB6A4 /* Net.swift */; };
		A08E72851AA2B829008CB6A4 /* NetData.swift in Sources */ = {isa = PBXBuildFile; fileRef = A08E727D1AA2B829008CB6A4 /* NetData.swift */; };
		A08E72861AA2B829008CB6A4 /* NetDownloadTask.swift in Sources */ = {isa = PBXBuildFile; fileRef = A08E727E1AA2B829008CB6A4 /* NetDownloadTask.swift */; };
		A08E72871AA2B829008CB6A4 /* NetHelper.swift in Sources */ = {isa = PBXBuildFile; fileRef = A08E727F1AA2B829008CB6A4 /* NetHelper.swift */; };
		A08E72881AA2B829008CB6A4 /* NetRequestSerialization.swift in Sources */ = {isa = PBXBuildFile; fileRef = A08E72801AA2B829008CB6A4 /* NetRequestSerialization.swift */; };
		A08E72891AA2B829008CB6A4 /* NetResponseData.swift in Sources */ = {isa = PBXBuildFile; fileRef = A08E72811AA2B829008CB6A4 /* NetResponseData.swift */; };
		A08E728A1AA2B829008CB6A4 /* NetUploadTask.swift in Sources */ = {isa = PBXBuildFile; fileRef = A08E72821AA2B829008CB6A4 /* NetUploadTask.swift */; };
		A08E728C1AA2B838008CB6A4 /* PhoneFormats.dat in Resources */ = {isa = PBXBuildFile; fileRef = A08E728B1AA2B838008CB6A4 /* PhoneFormats.dat */; };
		A08E72901AA2CD42008CB6A4 /* SystemVersion.swift in Sources */ = {isa = PBXBuildFile; fileRef = A08E728F1AA2CD42008CB6A4 /* SystemVersion.swift */; };
		A08E72921AA2D12F008CB6A4 /* AlertView.swift in Sources */ = {isa = PBXBuildFile; fileRef = A08E72911AA2D12F008CB6A4 /* AlertView.swift */; };
		A08E72941AA2D4C1008CB6A4 /* RegistraionView.swift in Sources */ = {isa = PBXBuildFile; fileRef = A08E72931AA2D4C1008CB6A4 /* RegistraionView.swift */; };
		A08E72A01AA2F994008CB6A4 /* RegistrationViewEnd.swift in Sources */ = {isa = PBXBuildFile; fileRef = A08E729F1AA2F994008CB6A4 /* RegistrationViewEnd.swift */; };
		A098BDDC1AE08D890035EA1A /* CompanyCell.swift in Sources */ = {isa = PBXBuildFile; fileRef = A098BDDB1AE08D890035EA1A /* CompanyCell.swift */; };
		A09F15C41AC43B3400CE2074 /* OrderInfo.swift in Sources */ = {isa = PBXBuildFile; fileRef = A09F15C31AC43B3400CE2074 /* OrderInfo.swift */; };
		A09F15C61AC4479400CE2074 /* OffersInfo.swift in Sources */ = {isa = PBXBuildFile; fileRef = A09F15C51AC4479400CE2074 /* OffersInfo.swift */; };
		A09F15C81AC504DE00CE2074 /* OrderView.swift in Sources */ = {isa = PBXBuildFile; fileRef = A09F15C71AC504DE00CE2074 /* OrderView.swift */; };
		A0B6CCDB1AA422BA000DF352 /* QuartzCore.framework in Frameworks */ = {isa = PBXBuildFile; fileRef = A0B6CCDA1AA422BA000DF352 /* QuartzCore.framework */; };
		A0B6CCE71AA4490A000DF352 /* MenuView.swift in Sources */ = {isa = PBXBuildFile; fileRef = A0B6CCE61AA4490A000DF352 /* MenuView.swift */; };
		A0B6CCEA1AA4496E000DF352 /* SWRevealViewController.m in Sources */ = {isa = PBXBuildFile; fileRef = A0B6CCE91AA4496E000DF352 /* SWRevealViewController.m */; };
		A0B6CCED1AA4E90D000DF352 /* UserInfo.swift in Sources */ = {isa = PBXBuildFile; fileRef = A0B6CCEC1AA4E90D000DF352 /* UserInfo.swift */; };
		A0D837301AA3020D006AD54C /* KeysAndConstants.swift in Sources */ = {isa = PBXBuildFile; fileRef = A0D8372F1AA3020D006AD54C /* KeysAndConstants.swift */; };
		A0DBEA521AD1FE3400363CE9 /* Roboto-Black.ttf in Resources */ = {isa = PBXBuildFile; fileRef = A0DBEA4D1AD1FE3400363CE9 /* Roboto-Black.ttf */; };
		A0DBEA531AD1FE3400363CE9 /* Roboto-Bold.ttf in Resources */ = {isa = PBXBuildFile; fileRef = A0DBEA4E1AD1FE3400363CE9 /* Roboto-Bold.ttf */; };
		A0DBEA541AD1FE3400363CE9 /* Roboto-Light.ttf in Resources */ = {isa = PBXBuildFile; fileRef = A0DBEA4F1AD1FE3400363CE9 /* Roboto-Light.ttf */; };
		A0DBEA551AD1FE3400363CE9 /* Roboto-Medium.ttf in Resources */ = {isa = PBXBuildFile; fileRef = A0DBEA501AD1FE3400363CE9 /* Roboto-Medium.ttf */; };
		A0DBEA561AD1FE3400363CE9 /* Roboto-Regular.ttf in Resources */ = {isa = PBXBuildFile; fileRef = A0DBEA511AD1FE3400363CE9 /* Roboto-Regular.ttf */; };
		A0E55F121AA27B4B000A4F03 /* AppDelegate.swift in Sources */ = {isa = PBXBuildFile; fileRef = A0E55F111AA27B4B000A4F03 /* AppDelegate.swift */; };
		A0E55F141AA27B4B000A4F03 /* BaseView.swift in Sources */ = {isa = PBXBuildFile; fileRef = A0E55F131AA27B4B000A4F03 /* BaseView.swift */; };
		A0E55F171AA27B4B000A4F03 /* Main.storyboard in Resources */ = {isa = PBXBuildFile; fileRef = A0E55F151AA27B4B000A4F03 /* Main.storyboard */; };
		A0E55F191AA27B4B000A4F03 /* Images.xcassets in Resources */ = {isa = PBXBuildFile; fileRef = A0E55F181AA27B4B000A4F03 /* Images.xcassets */; };
		A0E55F1C1AA27B4B000A4F03 /* LaunchScreen.xib in Resources */ = {isa = PBXBuildFile; fileRef = A0E55F1A1AA27B4B000A4F03 /* LaunchScreen.xib */; };
		A0E55F441AA27BE8000A4F03 /* Server.swift in Sources */ = {isa = PBXBuildFile; fileRef = A0E55F431AA27BE8000A4F03 /* Server.swift */; };
/* End PBXBuildFile section */

/* Begin PBXFileReference section */
		A00DFD471AA29187007DFBF8 /* stringsExtensions.swift */ = {isa = PBXFileReference; fileEncoding = 4; lastKnownFileType = sourcecode.swift; path = stringsExtensions.swift; sourceTree = "<group>"; };
		A00DFD491AA291CE007DFBF8 /* voziby-Bridging-Header.h */ = {isa = PBXFileReference; lastKnownFileType = sourcecode.c.h; path = "voziby-Bridging-Header.h"; sourceTree = "<group>"; };
		A00DFD4A1AA2981A007DFBF8 /* ColorExtensions.swift */ = {isa = PBXFileReference; fileEncoding = 4; lastKnownFileType = sourcecode.swift; path = ColorExtensions.swift; sourceTree = "<group>"; };
		A00DFD4E1AA2987F007DFBF8 /* LoginView.swift */ = {isa = PBXFileReference; fileEncoding = 4; lastKnownFileType = sourcecode.swift; path = LoginView.swift; sourceTree = "<group>"; };
		A00F4EC21ABADB930054EF6F /* SettingsView.swift */ = {isa = PBXFileReference; fileEncoding = 4; lastKnownFileType = sourcecode.swift; path = SettingsView.swift; sourceTree = "<group>"; };
		A01734EE1AC9F390000DA388 /* GoogleDataProvider.swift */ = {isa = PBXFileReference; fileEncoding = 4; lastKnownFileType = sourcecode.swift; path = GoogleDataProvider.swift; sourceTree = "<group>"; };
		A01734F01AC9F39C000DA388 /* GooglePlace.swift */ = {isa = PBXFileReference; fileEncoding = 4; lastKnownFileType = sourcecode.swift; path = GooglePlace.swift; sourceTree = "<group>"; };
		A01734F31ACAA0AD000DA388 /* CompanyInfo.swift */ = {isa = PBXFileReference; fileEncoding = 4; lastKnownFileType = sourcecode.swift; path = CompanyInfo.swift; sourceTree = "<group>"; };
		A01734F71ACD049A000DA388 /* SearchFiltersView.swift */ = {isa = PBXFileReference; fileEncoding = 4; lastKnownFileType = sourcecode.swift; path = SearchFiltersView.swift; sourceTree = "<group>"; };
		A025A7A31AD5371200FA9170 /* AutoData.swift */ = {isa = PBXFileReference; fileEncoding = 4; lastKnownFileType = sourcecode.swift; path = AutoData.swift; sourceTree = "<group>"; };
		A033BDB91AA3E3A200BB7E9E /* PassReminderView.swift */ = {isa = PBXFileReference; fileEncoding = 4; lastKnownFileType = sourcecode.swift; path = PassReminderView.swift; sourceTree = "<group>"; };
		A054E2B11AA89E94009F021E /* SwiftSpinner.swift */ = {isa = PBXFileReference; fileEncoding = 4; lastKnownFileType = sourcecode.swift; path = SwiftSpinner.swift; sourceTree = "<group>"; };
		A054E2B31AA8ABE3009F021E /* SpinnerStub.swift */ = {isa = PBXFileReference; fileEncoding = 4; lastKnownFileType = sourcecode.swift; path = SpinnerStub.swift; sourceTree = "<group>"; };
		A054E2B61AA8ED64009F021E /* FXBlurView.h */ = {isa = PBXFileReference; fileEncoding = 4; lastKnownFileType = sourcecode.c.h; path = FXBlurView.h; sourceTree = "<group>"; };
		A054E2B71AA8ED64009F021E /* FXBlurView.m */ = {isa = PBXFileReference; fileEncoding = 4; lastKnownFileType = sourcecode.c.objc; path = FXBlurView.m; sourceTree = "<group>"; };
		A054E2B91AA8ED81009F021E /* Accelerate.framework */ = {isa = PBXFileReference; lastKnownFileType = wrapper.framework; name = Accelerate.framework; path = System/Library/Frameworks/Accelerate.framework; sourceTree = SDKROOT; };
		A054E2BB1AAA044E009F021E /* GoogleMaps.framework */ = {isa = PBXFileReference; lastKnownFileType = wrapper.framework; path = GoogleMaps.framework; sourceTree = "<group>"; };
		A054E2BD1AAA048C009F021E /* GoogleMaps.bundle */ = {isa = PBXFileReference; lastKnownFileType = "wrapper.plug-in"; name = GoogleMaps.bundle; path = GoogleMaps.framework/Versions/A/Resources/GoogleMaps.bundle; sourceTree = "<group>"; };
		A054E2C01AAA04EC009F021E /* AVFoundation.framework */ = {isa = PBXFileReference; lastKnownFileType = wrapper.framework; name = AVFoundation.framework; path = System/Library/Frameworks/AVFoundation.framework; sourceTree = SDKROOT; };
		A054E2C21AAA04F1009F021E /* CoreData.framework */ = {isa = PBXFileReference; lastKnownFileType = wrapper.framework; name = CoreData.framework; path = System/Library/Frameworks/CoreData.framework; sourceTree = SDKROOT; };
		A054E2C41AAA04F7009F021E /* CoreLocation.framework */ = {isa = PBXFileReference; lastKnownFileType = wrapper.framework; name = CoreLocation.framework; path = System/Library/Frameworks/CoreLocation.framework; sourceTree = SDKROOT; };
		A054E2C61AAA04FE009F021E /* CoreText.framework */ = {isa = PBXFileReference; lastKnownFileType = wrapper.framework; name = CoreText.framework; path = System/Library/Frameworks/CoreText.framework; sourceTree = SDKROOT; };
		A054E2C81AAA0507009F021E /* GLKit.framework */ = {isa = PBXFileReference; lastKnownFileType = wrapper.framework; name = GLKit.framework; path = System/Library/Frameworks/GLKit.framework; sourceTree = SDKROOT; };
		A054E2CA1AAA050F009F021E /* ImageIO.framework */ = {isa = PBXFileReference; lastKnownFileType = wrapper.framework; name = ImageIO.framework; path = System/Library/Frameworks/ImageIO.framework; sourceTree = SDKROOT; };
		A054E2CC1AAA051A009F021E /* libc++.dylib */ = {isa = PBXFileReference; lastKnownFileType = "compiled.mach-o.dylib"; name = "libc++.dylib"; path = "usr/lib/libc++.dylib"; sourceTree = SDKROOT; };
		A054E2CE1AAA0529009F021E /* libicucore.dylib */ = {isa = PBXFileReference; lastKnownFileType = "compiled.mach-o.dylib"; name = libicucore.dylib; path = usr/lib/libicucore.dylib; sourceTree = SDKROOT; };
		A054E2D01AAA0530009F021E /* libz.dylib */ = {isa = PBXFileReference; lastKnownFileType = "compiled.mach-o.dylib"; name = libz.dylib; path = usr/lib/libz.dylib; sourceTree = SDKROOT; };
		A054E2D21AAA0537009F021E /* OpenGLES.framework */ = {isa = PBXFileReference; lastKnownFileType = wrapper.framework; name = OpenGLES.framework; path = System/Library/Frameworks/OpenGLES.framework; sourceTree = SDKROOT; };
		A054E2D41AAA0541009F021E /* SystemConfiguration.framework */ = {isa = PBXFileReference; lastKnownFileType = wrapper.framework; name = SystemConfiguration.framework; path = System/Library/Frameworks/SystemConfiguration.framework; sourceTree = SDKROOT; };
		A054E2D91AAA5668009F021E /* VZMapViewController.swift */ = {isa = PBXFileReference; fileEncoding = 4; lastKnownFileType = sourcecode.swift; path = VZMapViewController.swift; sourceTree = "<group>"; };
		A05C297E1AB7F031007CFC22 /* AvatarPickerViewController.swift */ = {isa = PBXFileReference; fileEncoding = 4; lastKnownFileType = sourcecode.swift; name = AvatarPickerViewController.swift; path = ../AvatarPickerViewController.swift; sourceTree = "<group>"; };
		A07AEE1A1AD30E3A0030F6A2 /* libTestFairy.a */ = {isa = PBXFileReference; lastKnownFileType = archive.ar; path = libTestFairy.a; sourceTree = "<group>"; };
		A07AEE1B1AD30E3A0030F6A2 /* TestFairy.h */ = {isa = PBXFileReference; fileEncoding = 4; lastKnownFileType = sourcecode.c.h; path = TestFairy.h; sourceTree = "<group>"; };
		A07AEE1C1AD30E3A0030F6A2 /* upload-dsym.sh */ = {isa = PBXFileReference; fileEncoding = 4; lastKnownFileType = text.script.sh; path = "upload-dsym.sh"; sourceTree = "<group>"; };
		A07AEE1F1AD30EC20030F6A2 /* CoreMedia.framework */ = {isa = PBXFileReference; lastKnownFileType = wrapper.framework; name = CoreMedia.framework; path = System/Library/Frameworks/CoreMedia.framework; sourceTree = SDKROOT; };
		A07AEE211AD30ECB0030F6A2 /* CoreMotion.framework */ = {isa = PBXFileReference; lastKnownFileType = wrapper.framework; name = CoreMotion.framework; path = System/Library/Frameworks/CoreMotion.framework; sourceTree = SDKROOT; };
		A08E72601AA2AB79008CB6A4 /* TextFieldWithMargin.swift */ = {isa = PBXFileReference; fileEncoding = 4; lastKnownFileType = sourcecode.swift; path = TextFieldWithMargin.swift; sourceTree = "<group>"; };
		A08E72751AA2B5B8008CB6A4 /* RMPhoneFormat.h */ = {isa = PBXFileReference; fileEncoding = 4; lastKnownFileType = sourcecode.c.h; path = RMPhoneFormat.h; sourceTree = "<group>"; };
		A08E72761AA2B5B8008CB6A4 /* RMPhoneFormat.m */ = {isa = PBXFileReference; fileEncoding = 4; lastKnownFileType = sourcecode.c.objc; path = RMPhoneFormat.m; sourceTree = "<group>"; };
		A08E727B1AA2B829008CB6A4 /* GCD.swift */ = {isa = PBXFileReference; fileEncoding = 4; lastKnownFileType = sourcecode.swift; path = GCD.swift; sourceTree = "<group>"; };
		A08E727C1AA2B829008CB6A4 /* Net.swift */ = {isa = PBXFileReference; fileEncoding = 4; lastKnownFileType = sourcecode.swift; path = Net.swift; sourceTree = "<group>"; };
		A08E727D1AA2B829008CB6A4 /* NetData.swift */ = {isa = PBXFileReference; fileEncoding = 4; lastKnownFileType = sourcecode.swift; path = NetData.swift; sourceTree = "<group>"; };
		A08E727E1AA2B829008CB6A4 /* NetDownloadTask.swift */ = {isa = PBXFileReference; fileEncoding = 4; lastKnownFileType = sourcecode.swift; path = NetDownloadTask.swift; sourceTree = "<group>"; };
		A08E727F1AA2B829008CB6A4 /* NetHelper.swift */ = {isa = PBXFileReference; fileEncoding = 4; lastKnownFileType = sourcecode.swift; path = NetHelper.swift; sourceTree = "<group>"; };
		A08E72801AA2B829008CB6A4 /* NetRequestSerialization.swift */ = {isa = PBXFileReference; fileEncoding = 4; lastKnownFileType = sourcecode.swift; path = NetRequestSerialization.swift; sourceTree = "<group>"; };
		A08E72811AA2B829008CB6A4 /* NetResponseData.swift */ = {isa = PBXFileReference; fileEncoding = 4; lastKnownFileType = sourcecode.swift; path = NetResponseData.swift; sourceTree = "<group>"; };
		A08E72821AA2B829008CB6A4 /* NetUploadTask.swift */ = {isa = PBXFileReference; fileEncoding = 4; lastKnownFileType = sourcecode.swift; path = NetUploadTask.swift; sourceTree = "<group>"; };
		A08E728B1AA2B838008CB6A4 /* PhoneFormats.dat */ = {isa = PBXFileReference; lastKnownFileType = file; name = PhoneFormats.dat; path = voziby/PhoneFormats.dat; sourceTree = "<group>"; };
		A08E728F1AA2CD42008CB6A4 /* SystemVersion.swift */ = {isa = PBXFileReference; fileEncoding = 4; lastKnownFileType = sourcecode.swift; path = SystemVersion.swift; sourceTree = "<group>"; };
		A08E72911AA2D12F008CB6A4 /* AlertView.swift */ = {isa = PBXFileReference; fileEncoding = 4; lastKnownFileType = sourcecode.swift; path = AlertView.swift; sourceTree = "<group>"; };
		A08E72931AA2D4C1008CB6A4 /* RegistraionView.swift */ = {isa = PBXFileReference; fileEncoding = 4; lastKnownFileType = sourcecode.swift; path = RegistraionView.swift; sourceTree = "<group>"; };
		A08E729F1AA2F994008CB6A4 /* RegistrationViewEnd.swift */ = {isa = PBXFileReference; fileEncoding = 4; lastKnownFileType = sourcecode.swift; path = RegistrationViewEnd.swift; sourceTree = "<group>"; };
		A098BDDB1AE08D890035EA1A /* CompanyCell.swift */ = {isa = PBXFileReference; fileEncoding = 4; lastKnownFileType = sourcecode.swift; path = CompanyCell.swift; sourceTree = "<group>"; };
		A09F15C31AC43B3400CE2074 /* OrderInfo.swift */ = {isa = PBXFileReference; fileEncoding = 4; lastKnownFileType = sourcecode.swift; path = OrderInfo.swift; sourceTree = "<group>"; };
		A09F15C51AC4479400CE2074 /* OffersInfo.swift */ = {isa = PBXFileReference; fileEncoding = 4; lastKnownFileType = sourcecode.swift; path = OffersInfo.swift; sourceTree = "<group>"; };
		A09F15C71AC504DE00CE2074 /* OrderView.swift */ = {isa = PBXFileReference; fileEncoding = 4; lastKnownFileType = sourcecode.swift; path = OrderView.swift; sourceTree = "<group>"; };
		A0B6CCDA1AA422BA000DF352 /* QuartzCore.framework */ = {isa = PBXFileReference; lastKnownFileType = wrapper.framework; name = QuartzCore.framework; path = System/Library/Frameworks/QuartzCore.framework; sourceTree = SDKROOT; };
		A0B6CCE61AA4490A000DF352 /* MenuView.swift */ = {isa = PBXFileReference; fileEncoding = 4; lastKnownFileType = sourcecode.swift; path = MenuView.swift; sourceTree = "<group>"; };
		A0B6CCE81AA4496E000DF352 /* SWRevealViewController.h */ = {isa = PBXFileReference; fileEncoding = 4; lastKnownFileType = sourcecode.c.h; path = SWRevealViewController.h; sourceTree = "<group>"; };
		A0B6CCE91AA4496E000DF352 /* SWRevealViewController.m */ = {isa = PBXFileReference; fileEncoding = 4; lastKnownFileType = sourcecode.c.objc; path = SWRevealViewController.m; sourceTree = "<group>"; };
		A0B6CCEC1AA4E90D000DF352 /* UserInfo.swift */ = {isa = PBXFileReference; fileEncoding = 4; lastKnownFileType = sourcecode.swift; path = UserInfo.swift; sourceTree = "<group>"; };
		A0D8372F1AA3020D006AD54C /* KeysAndConstants.swift */ = {isa = PBXFileReference; fileEncoding = 4; lastKnownFileType = sourcecode.swift; path = KeysAndConstants.swift; sourceTree = "<group>"; };
		A0DBEA4D1AD1FE3400363CE9 /* Roboto-Black.ttf */ = {isa = PBXFileReference; lastKnownFileType = file; path = "Roboto-Black.ttf"; sourceTree = "<group>"; };
		A0DBEA4E1AD1FE3400363CE9 /* Roboto-Bold.ttf */ = {isa = PBXFileReference; lastKnownFileType = file; path = "Roboto-Bold.ttf"; sourceTree = "<group>"; };
		A0DBEA4F1AD1FE3400363CE9 /* Roboto-Light.ttf */ = {isa = PBXFileReference; lastKnownFileType = file; path = "Roboto-Light.ttf"; sourceTree = "<group>"; };
		A0DBEA501AD1FE3400363CE9 /* Roboto-Medium.ttf */ = {isa = PBXFileReference; lastKnownFileType = file; path = "Roboto-Medium.ttf"; sourceTree = "<group>"; };
		A0DBEA511AD1FE3400363CE9 /* Roboto-Regular.ttf */ = {isa = PBXFileReference; lastKnownFileType = file; path = "Roboto-Regular.ttf"; sourceTree = "<group>"; };
		A0E55F0C1AA27B4B000A4F03 /* voziby.app */ = {isa = PBXFileReference; explicitFileType = wrapper.application; includeInIndex = 0; path = voziby.app; sourceTree = BUILT_PRODUCTS_DIR; };
		A0E55F101AA27B4B000A4F03 /* Info.plist */ = {isa = PBXFileReference; lastKnownFileType = text.plist.xml; path = Info.plist; sourceTree = "<group>"; };
		A0E55F111AA27B4B000A4F03 /* AppDelegate.swift */ = {isa = PBXFileReference; lastKnownFileType = sourcecode.swift; path = AppDelegate.swift; sourceTree = "<group>"; };
		A0E55F131AA27B4B000A4F03 /* BaseView.swift */ = {isa = PBXFileReference; lastKnownFileType = sourcecode.swift; path = BaseView.swift; sourceTree = "<group>"; };
		A0E55F161AA27B4B000A4F03 /* Base */ = {isa = PBXFileReference; lastKnownFileType = file.storyboard; name = Base; path = Base.lproj/Main.storyboard; sourceTree = "<group>"; };
		A0E55F181AA27B4B000A4F03 /* Images.xcassets */ = {isa = PBXFileReference; lastKnownFileType = folder.assetcatalog; path = Images.xcassets; sourceTree = "<group>"; };
		A0E55F1B1AA27B4B000A4F03 /* Base */ = {isa = PBXFileReference; lastKnownFileType = file.xib; name = Base; path = Base.lproj/LaunchScreen.xib; sourceTree = "<group>"; };
		A0E55F431AA27BE8000A4F03 /* Server.swift */ = {isa = PBXFileReference; fileEncoding = 4; lastKnownFileType = sourcecode.swift; name = Server.swift; path = ../Server.swift; sourceTree = "<group>"; };
/* End PBXFileReference section */

/* Begin PBXFrameworksBuildPhase section */
		A0E55F091AA27B4B000A4F03 /* Frameworks */ = {
			isa = PBXFrameworksBuildPhase;
			buildActionMask = 2147483647;
			files = (
				A054E2D31AAA0537009F021E /* OpenGLES.framework in Frameworks */,
				A054E2D51AAA0541009F021E /* SystemConfiguration.framework in Frameworks */,
				A054E2C11AAA04EC009F021E /* AVFoundation.framework in Frameworks */,
				A07AEE221AD30ECB0030F6A2 /* CoreMotion.framework in Frameworks */,
				A07AEE201AD30EC20030F6A2 /* CoreMedia.framework in Frameworks */,
				A054E2D11AAA0530009F021E /* libz.dylib in Frameworks */,
				A054E2CF1AAA0529009F021E /* libicucore.dylib in Frameworks */,
				A054E2CD1AAA051A009F021E /* libc++.dylib in Frameworks */,
				A054E2CB1AAA050F009F021E /* ImageIO.framework in Frameworks */,
				A054E2C91AAA0507009F021E /* GLKit.framework in Frameworks */,
				A054E2C71AAA04FE009F021E /* CoreText.framework in Frameworks */,
				A054E2C51AAA04F7009F021E /* CoreLocation.framework in Frameworks */,
				A054E2C31AAA04F1009F021E /* CoreData.framework in Frameworks */,
				A054E2BC1AAA044E009F021E /* GoogleMaps.framework in Frameworks */,
				A054E2BA1AA8ED81009F021E /* Accelerate.framework in Frameworks */,
				A07AEE1D1AD30E3A0030F6A2 /* libTestFairy.a in Frameworks */,
				A0B6CCDB1AA422BA000DF352 /* QuartzCore.framework in Frameworks */,
			);
			runOnlyForDeploymentPostprocessing = 0;
		};
/* End PBXFrameworksBuildPhase section */

/* Begin PBXGroup section */
		A00DFD4C1AA2981F007DFBF8 /* Extensions */ = {
			isa = PBXGroup;
			children = (
				A00DFD4A1AA2981A007DFBF8 /* ColorExtensions.swift */,
				A08E72601AA2AB79008CB6A4 /* TextFieldWithMargin.swift */,
				A08E728F1AA2CD42008CB6A4 /* SystemVersion.swift */,
				A08E72911AA2D12F008CB6A4 /* AlertView.swift */,
				A054E2B31AA8ABE3009F021E /* SpinnerStub.swift */,
			);
			name = Extensions;
			sourceTree = "<group>";
		};
		A00DFD4D1AA2986B007DFBF8 /* Login */ = {
			isa = PBXGroup;
			children = (
				A00DFD4E1AA2987F007DFBF8 /* LoginView.swift */,
				A08E72931AA2D4C1008CB6A4 /* RegistraionView.swift */,
				A08E729F1AA2F994008CB6A4 /* RegistrationViewEnd.swift */,
				A033BDB91AA3E3A200BB7E9E /* PassReminderView.swift */,
			);
			name = Login;
			sourceTree = "<group>";
		};
		A01734F21ACA8957000DA388 /* CompaniesAndAutosSearch */ = {
			isa = PBXGroup;
			children = (
			);
			name = CompaniesAndAutosSearch;
			sourceTree = "<group>";
		};
		A054E2B51AA8ED64009F021E /* FXBlurView */ = {
			isa = PBXGroup;
			children = (
				A054E2B61AA8ED64009F021E /* FXBlurView.h */,
				A054E2B71AA8ED64009F021E /* FXBlurView.m */,
			);
			path = FXBlurView;
			sourceTree = "<group>";
		};
		A054E2BF1AAA04CD009F021E /* Google */ = {
			isa = PBXGroup;
			children = (
				A054E2BD1AAA048C009F021E /* GoogleMaps.bundle */,
				A054E2BB1AAA044E009F021E /* GoogleMaps.framework */,
			);
			name = Google;
			sourceTree = "<group>";
		};
		A054E2D61AAA561D009F021E /* maps */ = {
			isa = PBXGroup;
			children = (
				A054E2D91AAA5668009F021E /* VZMapViewController.swift */,
				A01734F01AC9F39C000DA388 /* GooglePlace.swift */,
				A01734EE1AC9F390000DA388 /* GoogleDataProvider.swift */,
			);
			name = maps;
			sourceTree = "<group>";
		};
		A07AEE191AD30E3A0030F6A2 /* TestFairySDK-1.4.1 */ = {
			isa = PBXGroup;
			children = (
				A07AEE1A1AD30E3A0030F6A2 /* libTestFairy.a */,
				A07AEE1B1AD30E3A0030F6A2 /* TestFairy.h */,
				A07AEE1C1AD30E3A0030F6A2 /* upload-dsym.sh */,
			);
			path = "TestFairySDK-1.4.1";
			sourceTree = "<group>";
		};
		A08E725C1AA29C45008CB6A4 /* Fonts */ = {
			isa = PBXGroup;
			children = (
				A0DBEA4D1AD1FE3400363CE9 /* Roboto-Black.ttf */,
				A0DBEA4E1AD1FE3400363CE9 /* Roboto-Bold.ttf */,
				A0DBEA4F1AD1FE3400363CE9 /* Roboto-Light.ttf */,
				A0DBEA501AD1FE3400363CE9 /* Roboto-Medium.ttf */,
				A0DBEA511AD1FE3400363CE9 /* Roboto-Regular.ttf */,
			);
			name = Fonts;
			sourceTree = "<group>";
		};
		A08E72731AA2B55B008CB6A4 /* PhoneFormat */ = {
			isa = PBXGroup;
			children = (
				A08E72751AA2B5B8008CB6A4 /* RMPhoneFormat.h */,
				A08E72761AA2B5B8008CB6A4 /* RMPhoneFormat.m */,
				A08E728B1AA2B838008CB6A4 /* PhoneFormats.dat */,
			);
			name = PhoneFormat;
			sourceTree = "<group>";
		};
		A08E727A1AA2B829008CB6A4 /* Net */ = {
			isa = PBXGroup;
			children = (
				A08E727B1AA2B829008CB6A4 /* GCD.swift */,
				A08E727C1AA2B829008CB6A4 /* Net.swift */,
				A08E727D1AA2B829008CB6A4 /* NetData.swift */,
				A08E727E1AA2B829008CB6A4 /* NetDownloadTask.swift */,
				A08E727F1AA2B829008CB6A4 /* NetHelper.swift */,
				A08E72801AA2B829008CB6A4 /* NetRequestSerialization.swift */,
				A08E72811AA2B829008CB6A4 /* NetResponseData.swift */,
				A08E72821AA2B829008CB6A4 /* NetUploadTask.swift */,
			);
			path = Net;
			sourceTree = "<group>";
		};
		A098BDDA1AE08D610035EA1A /* table cells */ = {
			isa = PBXGroup;
			children = (
				A098BDDB1AE08D890035EA1A /* CompanyCell.swift */,
			);
			name = "table cells";
			sourceTree = "<group>";
		};
		A0B6CCEB1AA44977000DF352 /* SWRevealViewController */ = {
			isa = PBXGroup;
			children = (
				A0B6CCE81AA4496E000DF352 /* SWRevealViewController.h */,
				A0B6CCE91AA4496E000DF352 /* SWRevealViewController.m */,
			);
			name = SWRevealViewController;
			sourceTree = "<group>";
		};
		A0E55F031AA27B4A000A4F03 = {
			isa = PBXGroup;
			children = (
				A0E55F311AA27BCD000A4F03 /* Frameworks */,
				A0E55F0E1AA27B4B000A4F03 /* voziby */,
				A0E55F0D1AA27B4B000A4F03 /* Products */,
			);
			sourceTree = "<group>";
		};
		A0E55F0D1AA27B4B000A4F03 /* Products */ = {
			isa = PBXGroup;
			children = (
				A0E55F0C1AA27B4B000A4F03 /* voziby.app */,
			);
			name = Products;
			sourceTree = "<group>";
		};
		A0E55F0E1AA27B4B000A4F03 /* voziby */ = {
			isa = PBXGroup;
			children = (
				A01734F21ACA8957000DA388 /* CompaniesAndAutosSearch */,
				A054E2D61AAA561D009F021E /* maps */,
				A00DFD4C1AA2981F007DFBF8 /* Extensions */,
				A00DFD4D1AA2986B007DFBF8 /* Login */,
				A0E55F451AA27FB0000A4F03 /* Server and Entities */,
				A098BDDA1AE08D610035EA1A /* table cells */,
				A0E55F131AA27B4B000A4F03 /* BaseView.swift */,
				A01734F71ACD049A000DA388 /* SearchFiltersView.swift */,
				A09F15C71AC504DE00CE2074 /* OrderView.swift */,
				A00F4EC21ABADB930054EF6F /* SettingsView.swift */,
				A0B6CCE61AA4490A000DF352 /* MenuView.swift */,
				A05C297E1AB7F031007CFC22 /* AvatarPickerViewController.swift */,
				A0E55F151AA27B4B000A4F03 /* Main.storyboard */,
				A0E55F181AA27B4B000A4F03 /* Images.xcassets */,
				A0E55F1A1AA27B4B000A4F03 /* LaunchScreen.xib */,
				A0E55F0F1AA27B4B000A4F03 /* Supporting Files */,
			);
			path = voziby;
			sourceTree = "<group>";
		};
		A0E55F0F1AA27B4B000A4F03 /* Supporting Files */ = {
			isa = PBXGroup;
			children = (
				A08E725C1AA29C45008CB6A4 /* Fonts */,
				A0E55F111AA27B4B000A4F03 /* AppDelegate.swift */,
				A0E55F101AA27B4B000A4F03 /* Info.plist */,
				A00DFD491AA291CE007DFBF8 /* voziby-Bridging-Header.h */,
				A0D8372F1AA3020D006AD54C /* KeysAndConstants.swift */,
			);
			name = "Supporting Files";
			sourceTree = "<group>";
		};
		A0E55F311AA27BCD000A4F03 /* Frameworks */ = {
			isa = PBXGroup;
			children = (
				A07AEE211AD30ECB0030F6A2 /* CoreMotion.framework */,
				A07AEE1F1AD30EC20030F6A2 /* CoreMedia.framework */,
				A07AEE191AD30E3A0030F6A2 /* TestFairySDK-1.4.1 */,
				A054E2D41AAA0541009F021E /* SystemConfiguration.framework */,
				A054E2D21AAA0537009F021E /* OpenGLES.framework */,
				A054E2D01AAA0530009F021E /* libz.dylib */,
				A054E2CE1AAA0529009F021E /* libicucore.dylib */,
				A054E2CC1AAA051A009F021E /* libc++.dylib */,
				A054E2CA1AAA050F009F021E /* ImageIO.framework */,
				A054E2C81AAA0507009F021E /* GLKit.framework */,
				A054E2C61AAA04FE009F021E /* CoreText.framework */,
				A054E2C41AAA04F7009F021E /* CoreLocation.framework */,
				A054E2C21AAA04F1009F021E /* CoreData.framework */,
				A054E2C01AAA04EC009F021E /* AVFoundation.framework */,
				A054E2BF1AAA04CD009F021E /* Google */,
				A054E2B91AA8ED81009F021E /* Accelerate.framework */,
				A054E2B51AA8ED64009F021E /* FXBlurView */,
				A0B6CCEB1AA44977000DF352 /* SWRevealViewController */,
				A0B6CCDA1AA422BA000DF352 /* QuartzCore.framework */,
				A08E727A1AA2B829008CB6A4 /* Net */,
				A08E72731AA2B55B008CB6A4 /* PhoneFormat */,
				A00DFD471AA29187007DFBF8 /* stringsExtensions.swift */,
				A054E2B11AA89E94009F021E /* SwiftSpinner.swift */,
			);
			name = Frameworks;
			sourceTree = "<group>";
		};
		A0E55F451AA27FB0000A4F03 /* Server and Entities */ = {
			isa = PBXGroup;
			children = (
				A0E55F431AA27BE8000A4F03 /* Server.swift */,
				A0B6CCEC1AA4E90D000DF352 /* UserInfo.swift */,
				A09F15C31AC43B3400CE2074 /* OrderInfo.swift */,
				A09F15C51AC4479400CE2074 /* OffersInfo.swift */,
				A01734F31ACAA0AD000DA388 /* CompanyInfo.swift */,
				A025A7A31AD5371200FA9170 /* AutoData.swift */,
			);
			name = "Server and Entities";
			sourceTree = "<group>";
		};
/* End PBXGroup section */

/* Begin PBXNativeTarget section */
		A0E55F0B1AA27B4B000A4F03 /* voziby */ = {
			isa = PBXNativeTarget;
			buildConfigurationList = A0E55F2B1AA27B4B000A4F03 /* Build configuration list for PBXNativeTarget "voziby" */;
			buildPhases = (
				A0E55F081AA27B4B000A4F03 /* Sources */,
				A0E55F091AA27B4B000A4F03 /* Frameworks */,
				A0E55F0A1AA27B4B000A4F03 /* Resources */,
			);
			buildRules = (
			);
			dependencies = (
			);
			name = voziby;
			productName = voziby;
			productReference = A0E55F0C1AA27B4B000A4F03 /* voziby.app */;
			productType = "com.apple.product-type.application";
		};
/* End PBXNativeTarget section */

/* Begin PBXProject section */
		A0E55F041AA27B4A000A4F03 /* Project object */ = {
			isa = PBXProject;
			attributes = {
				LastUpgradeCheck = 0610;
				ORGANIZATIONNAME = "Novum Studium";
				TargetAttributes = {
					A0E55F0B1AA27B4B000A4F03 = {
						CreatedOnToolsVersion = 6.1.1;
						DevelopmentTeam = SL763F652M;
					};
				};
			};
			buildConfigurationList = A0E55F071AA27B4A000A4F03 /* Build configuration list for PBXProject "voziby" */;
			compatibilityVersion = "Xcode 3.2";
			developmentRegion = English;
			hasScannedForEncodings = 0;
			knownRegions = (
				Base,
			);
			mainGroup = A0E55F031AA27B4A000A4F03;
			productRefGroup = A0E55F0D1AA27B4B000A4F03 /* Products */;
			projectDirPath = "";
			projectRoot = "";
			targets = (
				A0E55F0B1AA27B4B000A4F03 /* voziby */,
			);
		};
/* End PBXProject section */

/* Begin PBXResourcesBuildPhase section */
		A0E55F0A1AA27B4B000A4F03 /* Resources */ = {
			isa = PBXResourcesBuildPhase;
			buildActionMask = 2147483647;
			files = (
				A0DBEA531AD1FE3400363CE9 /* Roboto-Bold.ttf in Resources */,
				A0E55F171AA27B4B000A4F03 /* Main.storyboard in Resources */,
				A0DBEA561AD1FE3400363CE9 /* Roboto-Regular.ttf in Resources */,
				A08E728C1AA2B838008CB6A4 /* PhoneFormats.dat in Resources */,
				A0E55F1C1AA27B4B000A4F03 /* LaunchScreen.xib in Resources */,
				A0E55F191AA27B4B000A4F03 /* Images.xcassets in Resources */,
				A054E2BE1AAA048D009F021E /* GoogleMaps.bundle in Resources */,
				A0DBEA541AD1FE3400363CE9 /* Roboto-Light.ttf in Resources */,
				A07AEE1E1AD30E3A0030F6A2 /* upload-dsym.sh in Resources */,
				A0DBEA521AD1FE3400363CE9 /* Roboto-Black.ttf in Resources */,
				A0DBEA551AD1FE3400363CE9 /* Roboto-Medium.ttf in Resources */,
			);
			runOnlyForDeploymentPostprocessing = 0;
		};
/* End PBXResourcesBuildPhase section */

/* Begin PBXSourcesBuildPhase section */
		A0E55F081AA27B4B000A4F03 /* Sources */ = {
			isa = PBXSourcesBuildPhase;
			buildActionMask = 2147483647;
			files = (
				A0B6CCE71AA4490A000DF352 /* MenuView.swift in Sources */,
				A08E72891AA2B829008CB6A4 /* NetResponseData.swift in Sources */,
				A025A7A41AD5371200FA9170 /* AutoData.swift in Sources */,
				A01734F81ACD049A000DA388 /* SearchFiltersView.swift in Sources */,
				A08E72881AA2B829008CB6A4 /* NetRequestSerialization.swift in Sources */,
				A09F15C81AC504DE00CE2074 /* OrderView.swift in Sources */,
				A0B6CCED1AA4E90D000DF352 /* UserInfo.swift in Sources */,
				A09F15C41AC43B3400CE2074 /* OrderInfo.swift in Sources */,
				A00DFD4F1AA2987F007DFBF8 /* LoginView.swift in Sources */,
				A08E72901AA2CD42008CB6A4 /* SystemVersion.swift in Sources */,
				A08E72841AA2B829008CB6A4 /* Net.swift in Sources */,
				A0D837301AA3020D006AD54C /* KeysAndConstants.swift in Sources */,
				A00DFD4B1AA2981A007DFBF8 /* ColorExtensions.swift in Sources */,
				A054E2B81AA8ED64009F021E /* FXBlurView.m in Sources */,
				A0E55F141AA27B4B000A4F03 /* BaseView.swift in Sources */,
				A0E55F121AA27B4B000A4F03 /* AppDelegate.swift in Sources */,
				A05C297F1AB7F031007CFC22 /* AvatarPickerViewController.swift in Sources */,
				A01734EF1AC9F390000DA388 /* GoogleDataProvider.swift in Sources */,
				A09F15C61AC4479400CE2074 /* OffersInfo.swift in Sources */,
				A08E72941AA2D4C1008CB6A4 /* RegistraionView.swift in Sources */,
				A0B6CCEA1AA4496E000DF352 /* SWRevealViewController.m in Sources */,
				A0E55F441AA27BE8000A4F03 /* Server.swift in Sources */,
				A08E72861AA2B829008CB6A4 /* NetDownloadTask.swift in Sources */,
				A08E72871AA2B829008CB6A4 /* NetHelper.swift in Sources */,
				A08E72921AA2D12F008CB6A4 /* AlertView.swift in Sources */,
				A08E72611AA2AB79008CB6A4 /* TextFieldWithMargin.swift in Sources */,
				A01734F41ACAA0AD000DA388 /* CompanyInfo.swift in Sources */,
				A054E2DA1AAA5668009F021E /* VZMapViewController.swift in Sources */,
				A08E72851AA2B829008CB6A4 /* NetData.swift in Sources */,
				A01734F11AC9F39C000DA388 /* GooglePlace.swift in Sources */,
				A054E2B21AA89E94009F021E /* SwiftSpinner.swift in Sources */,
				A08E72831AA2B829008CB6A4 /* GCD.swift in Sources */,
				A00F4EC31ABADB930054EF6F /* SettingsView.swift in Sources */,
				A054E2B41AA8ABE3009F021E /* SpinnerStub.swift in Sources */,
				A033BDBA1AA3E3A200BB7E9E /* PassReminderView.swift in Sources */,
				A098BDDC1AE08D890035EA1A /* CompanyCell.swift in Sources */,
				A08E72A01AA2F994008CB6A4 /* RegistrationViewEnd.swift in Sources */,
				A08E728A1AA2B829008CB6A4 /* NetUploadTask.swift in Sources */,
				A08E72771AA2B5B8008CB6A4 /* RMPhoneFormat.m in Sources */,
				A00DFD481AA29187007DFBF8 /* stringsExtensions.swift in Sources */,
			);
			runOnlyForDeploymentPostprocessing = 0;
		};
/* End PBXSourcesBuildPhase section */

/* Begin PBXVariantGroup section */
		A0E55F151AA27B4B000A4F03 /* Main.storyboard */ = {
			isa = PBXVariantGroup;
			children = (
				A0E55F161AA27B4B000A4F03 /* Base */,
			);
			name = Main.storyboard;
			sourceTree = "<group>";
		};
		A0E55F1A1AA27B4B000A4F03 /* LaunchScreen.xib */ = {
			isa = PBXVariantGroup;
			children = (
				A0E55F1B1AA27B4B000A4F03 /* Base */,
			);
			name = LaunchScreen.xib;
			sourceTree = "<group>";
		};
/* End PBXVariantGroup section */

/* Begin XCBuildConfiguration section */
		A0E55F291AA27B4B000A4F03 /* Debug */ = {
			isa = XCBuildConfiguration;
			buildSettings = {
				ALWAYS_SEARCH_USER_PATHS = NO;
				CLANG_CXX_LANGUAGE_STANDARD = "gnu++0x";
				CLANG_CXX_LIBRARY = "libc++";
				CLANG_ENABLE_MODULES = YES;
				CLANG_ENABLE_OBJC_ARC = YES;
				CLANG_WARN_BOOL_CONVERSION = YES;
				CLANG_WARN_CONSTANT_CONVERSION = YES;
				CLANG_WARN_DIRECT_OBJC_ISA_USAGE = YES_ERROR;
				CLANG_WARN_EMPTY_BODY = YES;
				CLANG_WARN_ENUM_CONVERSION = YES;
				CLANG_WARN_INT_CONVERSION = YES;
				CLANG_WARN_OBJC_ROOT_CLASS = YES_ERROR;
				CLANG_WARN_UNREACHABLE_CODE = YES;
				CLANG_WARN__DUPLICATE_METHOD_MATCH = YES;
				"CODE_SIGN_IDENTITY[sdk=iphoneos*]" = "iPhone Developer";
				COPY_PHASE_STRIP = NO;
				ENABLE_STRICT_OBJC_MSGSEND = YES;
				GCC_C_LANGUAGE_STANDARD = gnu99;
				GCC_DYNAMIC_NO_PIC = NO;
				GCC_OPTIMIZATION_LEVEL = 0;
				GCC_PREPROCESSOR_DEFINITIONS = (
					"DEBUG=1",
					"$(inherited)",
				);
				GCC_SYMBOLS_PRIVATE_EXTERN = NO;
				GCC_WARN_64_TO_32_BIT_CONVERSION = YES;
				GCC_WARN_ABOUT_RETURN_TYPE = YES_ERROR;
				GCC_WARN_UNDECLARED_SELECTOR = YES;
				GCC_WARN_UNINITIALIZED_AUTOS = YES_AGGRESSIVE;
				GCC_WARN_UNUSED_FUNCTION = YES;
				GCC_WARN_UNUSED_VARIABLE = YES;
				IPHONEOS_DEPLOYMENT_TARGET = 7.1;
				MTL_ENABLE_DEBUG_INFO = YES;
				ONLY_ACTIVE_ARCH = YES;
				OTHER_LDFLAGS = "-ObjC";
				SDKROOT = iphoneos;
				SWIFT_OBJC_BRIDGING_HEADER = "voziby/voziby-Bridging-Header.h";
				SWIFT_OPTIMIZATION_LEVEL = "-Onone";
				TARGETED_DEVICE_FAMILY = "1,2";
			};
			name = Debug;
		};
		A0E55F2A1AA27B4B000A4F03 /* Release */ = {
			isa = XCBuildConfiguration;
			buildSettings = {
				ALWAYS_SEARCH_USER_PATHS = NO;
				CLANG_CXX_LANGUAGE_STANDARD = "gnu++0x";
				CLANG_CXX_LIBRARY = "libc++";
				CLANG_ENABLE_MODULES = YES;
				CLANG_ENABLE_OBJC_ARC = YES;
				CLANG_WARN_BOOL_CONVERSION = YES;
				CLANG_WARN_CONSTANT_CONVERSION = YES;
				CLANG_WARN_DIRECT_OBJC_ISA_USAGE = YES_ERROR;
				CLANG_WARN_EMPTY_BODY = YES;
				CLANG_WARN_ENUM_CONVERSION = YES;
				CLANG_WARN_INT_CONVERSION = YES;
				CLANG_WARN_OBJC_ROOT_CLASS = YES_ERROR;
				CLANG_WARN_UNREACHABLE_CODE = YES;
				CLANG_WARN__DUPLICATE_METHOD_MATCH = YES;
				"CODE_SIGN_IDENTITY[sdk=iphoneos*]" = "iPhone Developer";
				COPY_PHASE_STRIP = YES;
				ENABLE_NS_ASSERTIONS = NO;
				ENABLE_STRICT_OBJC_MSGSEND = YES;
				GCC_C_LANGUAGE_STANDARD = gnu99;
				GCC_WARN_64_TO_32_BIT_CONVERSION = YES;
				GCC_WARN_ABOUT_RETURN_TYPE = YES_ERROR;
				GCC_WARN_UNDECLARED_SELECTOR = YES;
				GCC_WARN_UNINITIALIZED_AUTOS = YES_AGGRESSIVE;
				GCC_WARN_UNUSED_FUNCTION = YES;
				GCC_WARN_UNUSED_VARIABLE = YES;
				IPHONEOS_DEPLOYMENT_TARGET = 7.1;
				MTL_ENABLE_DEBUG_INFO = NO;
				OTHER_LDFLAGS = "-ObjC";
				SDKROOT = iphoneos;
				SWIFT_OBJC_BRIDGING_HEADER = "voziby/voziby-Bridging-Header.h";
				SWIFT_OPTIMIZATION_LEVEL = "-Onone";
				TARGETED_DEVICE_FAMILY = "1,2";
				VALIDATE_PRODUCT = YES;
			};
			name = Release;
		};
		A0E55F2C1AA27B4B000A4F03 /* Debug */ = {
			isa = XCBuildConfiguration;
			buildSettings = {
				ASSETCATALOG_COMPILER_APPICON_NAME = AppIcon;
				ASSETCATALOG_COMPILER_LAUNCHIMAGE_NAME = LaunchImage;
				CLANG_ENABLE_MODULES = YES;
				CODE_SIGN_IDENTITY = "iPhone Developer";
				"CODE_SIGN_IDENTITY[sdk=iphoneos*]" = "iPhone Developer";
				FRAMEWORK_SEARCH_PATHS = (
					"$(inherited)",
					"$(PROJECT_DIR)",
				);
				INFOPLIST_FILE = voziby/Info.plist;
				IPHONEOS_DEPLOYMENT_TARGET = 7.1;
				LD_RUNPATH_SEARCH_PATHS = "$(inherited) @executable_path/Frameworks";
				LIBRARY_SEARCH_PATHS = (
					"$(inherited)",
					"$(PROJECT_DIR)/TestFairySDK-1.4.1",
				);
				PRODUCT_NAME = "$(TARGET_NAME)";
				PROVISIONING_PROFILE = "";
				SWIFT_OPTIMIZATION_LEVEL = "-Onone";
				TARGETED_DEVICE_FAMILY = "1,2";
				VALID_ARCHS = "armv7 armv7s arm64";
			};
			name = Debug;
		};
		A0E55F2D1AA27B4B000A4F03 /* Release */ = {
			isa = XCBuildConfiguration;
			buildSettings = {
				ASSETCATALOG_COMPILER_APPICON_NAME = AppIcon;
				ASSETCATALOG_COMPILER_LAUNCHIMAGE_NAME = LaunchImage;
				CLANG_ENABLE_MODULES = YES;
				CODE_SIGN_IDENTITY = "iPhone Developer";
				"CODE_SIGN_IDENTITY[sdk=iphoneos*]" = "iPhone Developer";
				FRAMEWORK_SEARCH_PATHS = (
					"$(inherited)",
					"$(PROJECT_DIR)",
				);
				INFOPLIST_FILE = voziby/Info.plist;
				IPHONEOS_DEPLOYMENT_TARGET = 7.1;
				LD_RUNPATH_SEARCH_PATHS = "$(inherited) @executable_path/Frameworks";
				LIBRARY_SEARCH_PATHS = (
					"$(inherited)",
					"$(PROJECT_DIR)/TestFairySDK-1.4.1",
				);
				PRODUCT_NAME = "$(TARGET_NAME)";
				PROVISIONING_PROFILE = "";
				TARGETED_DEVICE_FAMILY = "1,2";
				VALID_ARCHS = "armv7 armv7s arm64";
			};
			name = Release;
		};
/* End XCBuildConfiguration section */

/* Begin XCConfigurationList section */
		A0E55F071AA27B4A000A4F03 /* Build configuration list for PBXProject "voziby" */ = {
			isa = XCConfigurationList;
			buildConfigurations = (
				A0E55F291AA27B4B000A4F03 /* Debug */,
				A0E55F2A1AA27B4B000A4F03 /* Release */,
			);
			defaultConfigurationIsVisible = 0;
			defaultConfigurationName = Release;
		};
		A0E55F2B1AA27B4B000A4F03 /* Build configuration list for PBXNativeTarget "voziby" */ = {
			isa = XCConfigurationList;
			buildConfigurations = (
				A0E55F2C1AA27B4B000A4F03 /* Debug */,
				A0E55F2D1AA27B4B000A4F03 /* Release */,
			);
			defaultConfigurationIsVisible = 0;
			defaultConfigurationName = Release;
		};
/* End XCConfigurationList section */
	};
	rootObject = A0E55F041AA27B4A000A4F03 /* Project object */;
}
