// !$*UTF8*$!
{
	archiveVersion = 1;
	classes = {
	};
	objectVersion = 46;
	objects = {

/* Begin PBXBuildFile section */
		A00DFD481AA29187007DFBF8 /* stringsExtensions.swift in Sources */ = {isa = PBXBuildFile; fileRef = A00DFD471AA29187007DFBF8 /* stringsExtensions.swift */; };
		A00DFD4B1AA2981A007DFBF8 /* ColorExtensions.swift in Sources */ = {isa = PBXBuildFile; fileRef = A00DFD4A1AA2981A007DFBF8 /* ColorExtensions.swift */; };
		A00DFD4F1AA2987F007DFBF8 /* LoginView.swift in Sources */ = {isa = PBXBuildFile; fileRef = A00DFD4E1AA2987F007DFBF8 /* LoginView.swift */; };
		A033BDBA1AA3E3A200BB7E9E /* PassReminderView.swift in Sources */ = {isa = PBXBuildFile; fileRef = A033BDB91AA3E3A200BB7E9E /* PassReminderView.swift */; };
		A033BDD61AA3F98F00BB7E9E /* MenuView.swift in Sources */ = {isa = PBXBuildFile; fileRef = A033BDD51AA3F98E00BB7E9E /* MenuView.swift */; };
		A08E72611AA2AB79008CB6A4 /* TextFieldWithMargin.swift in Sources */ = {isa = PBXBuildFile; fileRef = A08E72601AA2AB79008CB6A4 /* TextFieldWithMargin.swift */; };
		A08E72771AA2B5B8008CB6A4 /* RMPhoneFormat.m in Sources */ = {isa = PBXBuildFile; fileRef = A08E72761AA2B5B8008CB6A4 /* RMPhoneFormat.m */; };
		A08E72831AA2B829008CB6A4 /* GCD.swift in Sources */ = {isa = PBXBuildFile; fileRef = A08E727B1AA2B829008CB6A4 /* GCD.swift */; };
		A08E72841AA2B829008CB6A4 /* Net.swift in Sources */ = {isa = PBXBuildFile; fileRef = A08E727C1AA2B829008CB6A4 /* Net.swift */; };
		A08E72851AA2B829008CB6A4 /* NetData.swift in Sources */ = {isa = PBXBuildFile; fileRef = A08E727D1AA2B829008CB6A4 /* NetData.swift */; };
		A08E72861AA2B829008CB6A4 /* NetDownloadTask.swift in Sources */ = {isa = PBXBuildFile; fileRef = A08E727E1AA2B829008CB6A4 /* NetDownloadTask.swift */; };
		A08E72871AA2B829008CB6A4 /* NetHelper.swift in Sources */ = {isa = PBXBuildFile; fileRef = A08E727F1AA2B829008CB6A4 /* NetHelper.swift */; };
		A08E72881AA2B829008CB6A4 /* NetRequestSerialization.swift in Sources */ = {isa = PBXBuildFile; fileRef = A08E72801AA2B829008CB6A4 /* NetRequestSerialization.swift */; };
		A08E72891AA2B829008CB6A4 /* NetResponseData.swift in Sources */ = {isa = PBXBuildFile; fileRef = A08E72811AA2B829008CB6A4 /* NetResponseData.swift */; };
		A08E728A1AA2B829008CB6A4 /* NetUploadTask.swift in Sources */ = {isa = PBXBuildFile; fileRef = A08E72821AA2B829008CB6A4 /* NetUploadTask.swift */; };
		A08E728C1AA2B838008CB6A4 /* PhoneFormats.dat in Resources */ = {isa = PBXBuildFile; fileRef = A08E728B1AA2B838008CB6A4 /* PhoneFormats.dat */; };
		A08E72901AA2CD42008CB6A4 /* SystemVersion.swift in Sources */ = {isa = PBXBuildFile; fileRef = A08E728F1AA2CD42008CB6A4 /* SystemVersion.swift */; };
		A08E72921AA2D12F008CB6A4 /* AlertView.swift in Sources */ = {isa = PBXBuildFile; fileRef = A08E72911AA2D12F008CB6A4 /* AlertView.swift */; };
		A08E72941AA2D4C1008CB6A4 /* RegistraionView.swift in Sources */ = {isa = PBXBuildFile; fileRef = A08E72931AA2D4C1008CB6A4 /* RegistraionView.swift */; };
		A08E72A01AA2F994008CB6A4 /* RegistrationViewEnd.swift in Sources */ = {isa = PBXBuildFile; fileRef = A08E729F1AA2F994008CB6A4 /* RegistrationViewEnd.swift */; };
		A0D837301AA3020D006AD54C /* KeysAndConstants.swift in Sources */ = {isa = PBXBuildFile; fileRef = A0D8372F1AA3020D006AD54C /* KeysAndConstants.swift */; };
		A0E55F121AA27B4B000A4F03 /* AppDelegate.swift in Sources */ = {isa = PBXBuildFile; fileRef = A0E55F111AA27B4B000A4F03 /* AppDelegate.swift */; };
		A0E55F141AA27B4B000A4F03 /* BaseView.swift in Sources */ = {isa = PBXBuildFile; fileRef = A0E55F131AA27B4B000A4F03 /* BaseView.swift */; };
		A0E55F171AA27B4B000A4F03 /* Main.storyboard in Resources */ = {isa = PBXBuildFile; fileRef = A0E55F151AA27B4B000A4F03 /* Main.storyboard */; };
		A0E55F191AA27B4B000A4F03 /* Images.xcassets in Resources */ = {isa = PBXBuildFile; fileRef = A0E55F181AA27B4B000A4F03 /* Images.xcassets */; };
		A0E55F1C1AA27B4B000A4F03 /* LaunchScreen.xib in Resources */ = {isa = PBXBuildFile; fileRef = A0E55F1A1AA27B4B000A4F03 /* LaunchScreen.xib */; };
		A0E55F441AA27BE8000A4F03 /* Server.swift in Sources */ = {isa = PBXBuildFile; fileRef = A0E55F431AA27BE8000A4F03 /* Server.swift */; };
/* End PBXBuildFile section */

/* Begin PBXFileReference section */
		A00DFD471AA29187007DFBF8 /* stringsExtensions.swift */ = {isa = PBXFileReference; fileEncoding = 4; lastKnownFileType = sourcecode.swift; path = stringsExtensions.swift; sourceTree = "<group>"; };
		A00DFD491AA291CE007DFBF8 /* voziby-Bridging-Header.h */ = {isa = PBXFileReference; lastKnownFileType = sourcecode.c.h; path = "voziby-Bridging-Header.h"; sourceTree = "<group>"; };
		A00DFD4A1AA2981A007DFBF8 /* ColorExtensions.swift */ = {isa = PBXFileReference; fileEncoding = 4; lastKnownFileType = sourcecode.swift; path = ColorExtensions.swift; sourceTree = "<group>"; };
		A00DFD4E1AA2987F007DFBF8 /* LoginView.swift */ = {isa = PBXFileReference; fileEncoding = 4; lastKnownFileType = sourcecode.swift; path = LoginView.swift; sourceTree = "<group>"; };
		A033BDB91AA3E3A200BB7E9E /* PassReminderView.swift */ = {isa = PBXFileReference; fileEncoding = 4; lastKnownFileType = sourcecode.swift; path = PassReminderView.swift; sourceTree = "<group>"; };
		A033BDD51AA3F98E00BB7E9E /* MenuView.swift */ = {isa = PBXFileReference; fileEncoding = 4; lastKnownFileType = sourcecode.swift; path = MenuView.swift; sourceTree = "<group>"; };
		A08E72601AA2AB79008CB6A4 /* TextFieldWithMargin.swift */ = {isa = PBXFileReference; fileEncoding = 4; lastKnownFileType = sourcecode.swift; path = TextFieldWithMargin.swift; sourceTree = "<group>"; };
		A08E72751AA2B5B8008CB6A4 /* RMPhoneFormat.h */ = {isa = PBXFileReference; fileEncoding = 4; lastKnownFileType = sourcecode.c.h; path = RMPhoneFormat.h; sourceTree = "<group>"; };
		A08E72761AA2B5B8008CB6A4 /* RMPhoneFormat.m */ = {isa = PBXFileReference; fileEncoding = 4; lastKnownFileType = sourcecode.c.objc; path = RMPhoneFormat.m; sourceTree = "<group>"; };
		A08E727B1AA2B829008CB6A4 /* GCD.swift */ = {isa = PBXFileReference; fileEncoding = 4; lastKnownFileType = sourcecode.swift; path = GCD.swift; sourceTree = "<group>"; };
		A08E727C1AA2B829008CB6A4 /* Net.swift */ = {isa = PBXFileReference; fileEncoding = 4; lastKnownFileType = sourcecode.swift; path = Net.swift; sourceTree = "<group>"; };
		A08E727D1AA2B829008CB6A4 /* NetData.swift */ = {isa = PBXFileReference; fileEncoding = 4; lastKnownFileType = sourcecode.swift; path = NetData.swift; sourceTree = "<group>"; };
		A08E727E1AA2B829008CB6A4 /* NetDownloadTask.swift */ = {isa = PBXFileReference; fileEncoding = 4; lastKnownFileType = sourcecode.swift; path = NetDownloadTask.swift; sourceTree = "<group>"; };
		A08E727F1AA2B829008CB6A4 /* NetHelper.swift */ = {isa = PBXFileReference; fileEncoding = 4; lastKnownFileType = sourcecode.swift; path = NetHelper.swift; sourceTree = "<group>"; };
		A08E72801AA2B829008CB6A4 /* NetRequestSerialization.swift */ = {isa = PBXFileReference; fileEncoding = 4; lastKnownFileType = sourcecode.swift; path = NetRequestSerialization.swift; sourceTree = "<group>"; };
		A08E72811AA2B829008CB6A4 /* NetResponseData.swift */ = {isa = PBXFileReference; fileEncoding = 4; lastKnownFileType = sourcecode.swift; path = NetResponseData.swift; sourceTree = "<group>"; };
		A08E72821AA2B829008CB6A4 /* NetUploadTask.swift */ = {isa = PBXFileReference; fileEncoding = 4; lastKnownFileType = sourcecode.swift; path = NetUploadTask.swift; sourceTree = "<group>"; };
		A08E728B1AA2B838008CB6A4 /* PhoneFormats.dat */ = {isa = PBXFileReference; lastKnownFileType = file; name = PhoneFormats.dat; path = voziby/PhoneFormats.dat; sourceTree = "<group>"; };
		A08E728F1AA2CD42008CB6A4 /* SystemVersion.swift */ = {isa = PBXFileReference; fileEncoding = 4; lastKnownFileType = sourcecode.swift; path = SystemVersion.swift; sourceTree = "<group>"; };
		A08E72911AA2D12F008CB6A4 /* AlertView.swift */ = {isa = PBXFileReference; fileEncoding = 4; lastKnownFileType = sourcecode.swift; path = AlertView.swift; sourceTree = "<group>"; };
		A08E72931AA2D4C1008CB6A4 /* RegistraionView.swift */ = {isa = PBXFileReference; fileEncoding = 4; lastKnownFileType = sourcecode.swift; path = RegistraionView.swift; sourceTree = "<group>"; };
		A08E729F1AA2F994008CB6A4 /* RegistrationViewEnd.swift */ = {isa = PBXFileReference; fileEncoding = 4; lastKnownFileType = sourcecode.swift; path = RegistrationViewEnd.swift; sourceTree = "<group>"; };
		A0D8372F1AA3020D006AD54C /* KeysAndConstants.swift */ = {isa = PBXFileReference; fileEncoding = 4; lastKnownFileType = sourcecode.swift; path = KeysAndConstants.swift; sourceTree = "<group>"; };
		A0E55F0C1AA27B4B000A4F03 /* voziby.app */ = {isa = PBXFileReference; explicitFileType = wrapper.application; includeInIndex = 0; path = voziby.app; sourceTree = BUILT_PRODUCTS_DIR; };
		A0E55F101AA27B4B000A4F03 /* Info.plist */ = {isa = PBXFileReference; lastKnownFileType = text.plist.xml; path = Info.plist; sourceTree = "<group>"; };
		A0E55F111AA27B4B000A4F03 /* AppDelegate.swift */ = {isa = PBXFileReference; lastKnownFileType = sourcecode.swift; path = AppDelegate.swift; sourceTree = "<group>"; };
		A0E55F131AA27B4B000A4F03 /* BaseView.swift */ = {isa = PBXFileReference; lastKnownFileType = sourcecode.swift; path = BaseView.swift; sourceTree = "<group>"; };
		A0E55F161AA27B4B000A4F03 /* Base */ = {isa = PBXFileReference; lastKnownFileType = file.storyboard; name = Base; path = Base.lproj/Main.storyboard; sourceTree = "<group>"; };
		A0E55F181AA27B4B000A4F03 /* Images.xcassets */ = {isa = PBXFileReference; lastKnownFileType = folder.assetcatalog; path = Images.xcassets; sourceTree = "<group>"; };
		A0E55F1B1AA27B4B000A4F03 /* Base */ = {isa = PBXFileReference; lastKnownFileType = file.xib; name = Base; path = Base.lproj/LaunchScreen.xib; sourceTree = "<group>"; };
		A0E55F431AA27BE8000A4F03 /* Server.swift */ = {isa = PBXFileReference; fileEncoding = 4; lastKnownFileType = sourcecode.swift; name = Server.swift; path = ../Server.swift; sourceTree = "<group>"; };
/* End PBXFileReference section */

/* Begin PBXFrameworksBuildPhase section */
		A0E55F091AA27B4B000A4F03 /* Frameworks */ = {
			isa = PBXFrameworksBuildPhase;
			buildActionMask = 2147483647;
			files = (
			);
			runOnlyForDeploymentPostprocessing = 0;
		};
/* End PBXFrameworksBuildPhase section */

/* Begin PBXGroup section */
		A00DFD4C1AA2981F007DFBF8 /* Extensions */ = {
			isa = PBXGroup;
			children = (
				A00DFD4A1AA2981A007DFBF8 /* ColorExtensions.swift */,
				A08E72601AA2AB79008CB6A4 /* TextFieldWithMargin.swift */,
				A08E728F1AA2CD42008CB6A4 /* SystemVersion.swift */,
				A08E72911AA2D12F008CB6A4 /* AlertView.swift */,
			);
			name = Extensions;
			sourceTree = "<group>";
		};
		A00DFD4D1AA2986B007DFBF8 /* Login */ = {
			isa = PBXGroup;
			children = (
				A00DFD4E1AA2987F007DFBF8 /* LoginView.swift */,
				A08E72931AA2D4C1008CB6A4 /* RegistraionView.swift */,
				A08E729F1AA2F994008CB6A4 /* RegistrationViewEnd.swift */,
				A033BDB91AA3E3A200BB7E9E /* PassReminderView.swift */,
			);
			name = Login;
			sourceTree = "<group>";
		};
		A08E725C1AA29C45008CB6A4 /* Fonts */ = {
			isa = PBXGroup;
			children = (
			);
			name = Fonts;
			sourceTree = "<group>";
		};
		A08E72731AA2B55B008CB6A4 /* PhoneFormat */ = {
			isa = PBXGroup;
			children = (
				A08E72751AA2B5B8008CB6A4 /* RMPhoneFormat.h */,
				A08E72761AA2B5B8008CB6A4 /* RMPhoneFormat.m */,
				A08E728B1AA2B838008CB6A4 /* PhoneFormats.dat */,
			);
			name = PhoneFormat;
			sourceTree = "<group>";
		};
		A08E727A1AA2B829008CB6A4 /* Net */ = {
			isa = PBXGroup;
			children = (
				A08E727B1AA2B829008CB6A4 /* GCD.swift */,
				A08E727C1AA2B829008CB6A4 /* Net.swift */,
				A08E727D1AA2B829008CB6A4 /* NetData.swift */,
				A08E727E1AA2B829008CB6A4 /* NetDownloadTask.swift */,
				A08E727F1AA2B829008CB6A4 /* NetHelper.swift */,
				A08E72801AA2B829008CB6A4 /* NetRequestSerialization.swift */,
				A08E72811AA2B829008CB6A4 /* NetResponseData.swift */,
				A08E72821AA2B829008CB6A4 /* NetUploadTask.swift */,
			);
			path = Net;
			sourceTree = "<group>";
		};
		A0E55F031AA27B4A000A4F03 = {
			isa = PBXGroup;
			children = (
				A0E55F311AA27BCD000A4F03 /* Frameworks */,
				A0E55F0E1AA27B4B000A4F03 /* voziby */,
				A0E55F0D1AA27B4B000A4F03 /* Products */,
			);
			sourceTree = "<group>";
		};
		A0E55F0D1AA27B4B000A4F03 /* Products */ = {
			isa = PBXGroup;
			children = (
				A0E55F0C1AA27B4B000A4F03 /* voziby.app */,
			);
			name = Products;
			sourceTree = "<group>";
		};
		A0E55F0E1AA27B4B000A4F03 /* voziby */ = {
			isa = PBXGroup;
			children = (
				A00DFD4C1AA2981F007DFBF8 /* Extensions */,
				A00DFD4D1AA2986B007DFBF8 /* Login */,
				A0E55F451AA27FB0000A4F03 /* Server and Entities */,
				A033BDD51AA3F98E00BB7E9E /* MenuView.swift */,
				A0E55F131AA27B4B000A4F03 /* BaseView.swift */,
				A0E55F151AA27B4B000A4F03 /* Main.storyboard */,
				A0E55F181AA27B4B000A4F03 /* Images.xcassets */,
				A0E55F1A1AA27B4B000A4F03 /* LaunchScreen.xib */,
				A0E55F0F1AA27B4B000A4F03 /* Supporting Files */,
			);
			path = voziby;
			sourceTree = "<group>";
		};
		A0E55F0F1AA27B4B000A4F03 /* Supporting Files */ = {
			isa = PBXGroup;
			children = (
				A08E725C1AA29C45008CB6A4 /* Fonts */,
				A0E55F111AA27B4B000A4F03 /* AppDelegate.swift */,
				A0E55F101AA27B4B000A4F03 /* Info.plist */,
				A00DFD491AA291CE007DFBF8 /* voziby-Bridging-Header.h */,
				A0D8372F1AA3020D006AD54C /* KeysAndConstants.swift */,
			);
			name = "Supporting Files";
			sourceTree = "<group>";
		};
		A0E55F311AA27BCD000A4F03 /* Frameworks */ = {
			isa = PBXGroup;
			children = (
				A08E727A1AA2B829008CB6A4 /* Net */,
				A08E72731AA2B55B008CB6A4 /* PhoneFormat */,
				A00DFD471AA29187007DFBF8 /* stringsExtensions.swift */,
			);
			name = Frameworks;
			sourceTree = "<group>";
		};
		A0E55F451AA27FB0000A4F03 /* Server and Entities */ = {
			isa = PBXGroup;
			children = (
				A0E55F431AA27BE8000A4F03 /* Server.swift */,
			);
			name = "Server and Entities";
			sourceTree = "<group>";
		};
/* End PBXGroup section */

/* Begin PBXNativeTarget section */
		A0E55F0B1AA27B4B000A4F03 /* voziby */ = {
			isa = PBXNativeTarget;
			buildConfigurationList = A0E55F2B1AA27B4B000A4F03 /* Build configuration list for PBXNativeTarget "voziby" */;
			buildPhases = (
				A0E55F081AA27B4B000A4F03 /* Sources */,
				A0E55F091AA27B4B000A4F03 /* Frameworks */,
				A0E55F0A1AA27B4B000A4F03 /* Resources */,
			);
			buildRules = (
			);
			dependencies = (
			);
			name = voziby;
			productName = voziby;
			productReference = A0E55F0C1AA27B4B000A4F03 /* voziby.app */;
			productType = "com.apple.product-type.application";
		};
/* End PBXNativeTarget section */

/* Begin PBXProject section */
		A0E55F041AA27B4A000A4F03 /* Project object */ = {
			isa = PBXProject;
			attributes = {
				LastUpgradeCheck = 0610;
				ORGANIZATIONNAME = "Novum Studium";
				TargetAttributes = {
					A0E55F0B1AA27B4B000A4F03 = {
						CreatedOnToolsVersion = 6.1.1;
						DevelopmentTeam = SL763F652M;
					};
				};
			};
			buildConfigurationList = A0E55F071AA27B4A000A4F03 /* Build configuration list for PBXProject "voziby" */;
			compatibilityVersion = "Xcode 3.2";
			developmentRegion = English;
			hasScannedForEncodings = 0;
			knownRegions = (
				en,
				Base,
			);
			mainGroup = A0E55F031AA27B4A000A4F03;
			productRefGroup = A0E55F0D1AA27B4B000A4F03 /* Products */;
			projectDirPath = "";
			projectRoot = "";
			targets = (
				A0E55F0B1AA27B4B000A4F03 /* voziby */,
			);
		};
/* End PBXProject section */

/* Begin PBXResourcesBuildPhase section */
		A0E55F0A1AA27B4B000A4F03 /* Resources */ = {
			isa = PBXResourcesBuildPhase;
			buildActionMask = 2147483647;
			files = (
				A0E55F171AA27B4B000A4F03 /* Main.storyboard in Resources */,
				A08E728C1AA2B838008CB6A4 /* PhoneFormats.dat in Resources */,
				A0E55F1C1AA27B4B000A4F03 /* LaunchScreen.xib in Resources */,
				A0E55F191AA27B4B000A4F03 /* Images.xcassets in Resources */,
			);
			runOnlyForDeploymentPostprocessing = 0;
		};
/* End PBXResourcesBuildPhase section */

/* Begin PBXSourcesBuildPhase section */
		A0E55F081AA27B4B000A4F03 /* Sources */ = {
			isa = PBXSourcesBuildPhase;
			buildActionMask = 2147483647;
			files = (
				A08E72891AA2B829008CB6A4 /* NetResponseData.swift in Sources */,
				A08E72881AA2B829008CB6A4 /* NetRequestSerialization.swift in Sources */,
				A00DFD4F1AA2987F007DFBF8 /* LoginView.swift in Sources */,
				A08E72901AA2CD42008CB6A4 /* SystemVersion.swift in Sources */,
				A08E72841AA2B829008CB6A4 /* Net.swift in Sources */,
				A0D837301AA3020D006AD54C /* KeysAndConstants.swift in Sources */,
				A00DFD4B1AA2981A007DFBF8 /* ColorExtensions.swift in Sources */,
				A0E55F141AA27B4B000A4F03 /* BaseView.swift in Sources */,
				A0E55F121AA27B4B000A4F03 /* AppDelegate.swift in Sources */,
				A08E72941AA2D4C1008CB6A4 /* RegistraionView.swift in Sources */,
				A0E55F441AA27BE8000A4F03 /* Server.swift in Sources */,
				A08E72861AA2B829008CB6A4 /* NetDownloadTask.swift in Sources */,
				A08E72871AA2B829008CB6A4 /* NetHelper.swift in Sources */,
				A08E72921AA2D12F008CB6A4 /* AlertView.swift in Sources */,
				A033BDD61AA3F98F00BB7E9E /* MenuView.swift in Sources */,
				A08E72611AA2AB79008CB6A4 /* TextFieldWithMargin.swift in Sources */,
				A08E72851AA2B829008CB6A4 /* NetData.swift in Sources */,
				A08E72831AA2B829008CB6A4 /* GCD.swift in Sources */,
				A033BDBA1AA3E3A200BB7E9E /* PassReminderView.swift in Sources */,
				A08E72A01AA2F994008CB6A4 /* RegistrationViewEnd.swift in Sources */,
				A08E728A1AA2B829008CB6A4 /* NetUploadTask.swift in Sources */,
				A08E72771AA2B5B8008CB6A4 /* RMPhoneFormat.m in Sources */,
				A00DFD481AA29187007DFBF8 /* stringsExtensions.swift in Sources */,
			);
			runOnlyForDeploymentPostprocessing = 0;
		};
/* End PBXSourcesBuildPhase section */

/* Begin PBXVariantGroup section */
		A0E55F151AA27B4B000A4F03 /* Main.storyboard */ = {
			isa = PBXVariantGroup;
			children = (
				A0E55F161AA27B4B000A4F03 /* Base */,
			);
			name = Main.storyboard;
			sourceTree = "<group>";
		};
		A0E55F1A1AA27B4B000A4F03 /* LaunchScreen.xib */ = {
			isa = PBXVariantGroup;
			children = (
				A0E55F1B1AA27B4B000A4F03 /* Base */,
			);
			name = LaunchScreen.xib;
			sourceTree = "<group>";
		};
/* End PBXVariantGroup section */

/* Begin XCBuildConfiguration section */
		A0E55F291AA27B4B000A4F03 /* Debug */ = {
			isa = XCBuildConfiguration;
			buildSettings = {
				ALWAYS_SEARCH_USER_PATHS = NO;
				CLANG_CXX_LANGUAGE_STANDARD = "gnu++0x";
				CLANG_CXX_LIBRARY = "libc++";
				CLANG_ENABLE_MODULES = YES;
				CLANG_ENABLE_OBJC_ARC = YES;
				CLANG_WARN_BOOL_CONVERSION = YES;
				CLANG_WARN_CONSTANT_CONVERSION = YES;
				CLANG_WARN_DIRECT_OBJC_ISA_USAGE = YES_ERROR;
				CLANG_WARN_EMPTY_BODY = YES;
				CLANG_WARN_ENUM_CONVERSION = YES;
				CLANG_WARN_INT_CONVERSION = YES;
				CLANG_WARN_OBJC_ROOT_CLASS = YES_ERROR;
				CLANG_WARN_UNREACHABLE_CODE = YES;
				CLANG_WARN__DUPLICATE_METHOD_MATCH = YES;
				"CODE_SIGN_IDENTITY[sdk=iphoneos*]" = "iPhone Developer";
				COPY_PHASE_STRIP = NO;
				ENABLE_STRICT_OBJC_MSGSEND = YES;
				GCC_C_LANGUAGE_STANDARD = gnu99;
				GCC_DYNAMIC_NO_PIC = NO;
				GCC_OPTIMIZATION_LEVEL = 0;
				GCC_PREPROCESSOR_DEFINITIONS = (
					"DEBUG=1",
					"$(inherited)",
				);
				GCC_SYMBOLS_PRIVATE_EXTERN = NO;
				GCC_WARN_64_TO_32_BIT_CONVERSION = YES;
				GCC_WARN_ABOUT_RETURN_TYPE = YES_ERROR;
				GCC_WARN_UNDECLARED_SELECTOR = YES;
				GCC_WARN_UNINITIALIZED_AUTOS = YES_AGGRESSIVE;
				GCC_WARN_UNUSED_FUNCTION = YES;
				GCC_WARN_UNUSED_VARIABLE = YES;
				IPHONEOS_DEPLOYMENT_TARGET = 7.1;
				MTL_ENABLE_DEBUG_INFO = YES;
				ONLY_ACTIVE_ARCH = YES;
				SDKROOT = iphoneos;
				SWIFT_OBJC_BRIDGING_HEADER = "voziby/voziby-Bridging-Header.h";
				SWIFT_OPTIMIZATION_LEVEL = "-Onone";
				TARGETED_DEVICE_FAMILY = "1,2";
			};
			name = Debug;
		};
		A0E55F2A1AA27B4B000A4F03 /* Release */ = {
			isa = XCBuildConfiguration;
			buildSettings = {
				ALWAYS_SEARCH_USER_PATHS = NO;
				CLANG_CXX_LANGUAGE_STANDARD = "gnu++0x";
				CLANG_CXX_LIBRARY = "libc++";
				CLANG_ENABLE_MODULES = YES;
				CLANG_ENABLE_OBJC_ARC = YES;
				CLANG_WARN_BOOL_CONVERSION = YES;
				CLANG_WARN_CONSTANT_CONVERSION = YES;
				CLANG_WARN_DIRECT_OBJC_ISA_USAGE = YES_ERROR;
				CLANG_WARN_EMPTY_BODY = YES;
				CLANG_WARN_ENUM_CONVERSION = YES;
				CLANG_WARN_INT_CONVERSION = YES;
				CLANG_WARN_OBJC_ROOT_CLASS = YES_ERROR;
				CLANG_WARN_UNREACHABLE_CODE = YES;
				CLANG_WARN__DUPLICATE_METHOD_MATCH = YES;
				"CODE_SIGN_IDENTITY[sdk=iphoneos*]" = "iPhone Developer";
				COPY_PHASE_STRIP = YES;
				ENABLE_NS_ASSERTIONS = NO;
				ENABLE_STRICT_OBJC_MSGSEND = YES;
				GCC_C_LANGUAGE_STANDARD = gnu99;
				GCC_WARN_64_TO_32_BIT_CONVERSION = YES;
				GCC_WARN_ABOUT_RETURN_TYPE = YES_ERROR;
				GCC_WARN_UNDECLARED_SELECTOR = YES;
				GCC_WARN_UNINITIALIZED_AUTOS = YES_AGGRESSIVE;
				GCC_WARN_UNUSED_FUNCTION = YES;
				GCC_WARN_UNUSED_VARIABLE = YES;
				IPHONEOS_DEPLOYMENT_TARGET = 7.1;
				MTL_ENABLE_DEBUG_INFO = NO;
				SDKROOT = iphoneos;
				SWIFT_OBJC_BRIDGING_HEADER = "voziby/voziby-Bridging-Header.h";
				TARGETED_DEVICE_FAMILY = "1,2";
				VALIDATE_PRODUCT = YES;
			};
			name = Release;
		};
		A0E55F2C1AA27B4B000A4F03 /* Debug */ = {
			isa = XCBuildConfiguration;
			buildSettings = {
				ASSETCATALOG_COMPILER_APPICON_NAME = AppIcon;
				ASSETCATALOG_COMPILER_LAUNCHIMAGE_NAME = LaunchImage;
				CLANG_ENABLE_MODULES = YES;
				CODE_SIGN_IDENTITY = "iPhone Developer";
				INFOPLIST_FILE = voziby/Info.plist;
				IPHONEOS_DEPLOYMENT_TARGET = 7.1;
				LD_RUNPATH_SEARCH_PATHS = "$(inherited) @executable_path/Frameworks";
				PRODUCT_NAME = "$(TARGET_NAME)";
				SWIFT_OPTIMIZATION_LEVEL = "-Onone";
				VALID_ARCHS = "armv7 armv7s arm64";
			};
			name = Debug;
		};
		A0E55F2D1AA27B4B000A4F03 /* Release */ = {
			isa = XCBuildConfiguration;
			buildSettings = {
				ASSETCATALOG_COMPILER_APPICON_NAME = AppIcon;
				ASSETCATALOG_COMPILER_LAUNCHIMAGE_NAME = LaunchImage;
				CLANG_ENABLE_MODULES = YES;
				CODE_SIGN_IDENTITY = "iPhone Developer";
				INFOPLIST_FILE = voziby/Info.plist;
				IPHONEOS_DEPLOYMENT_TARGET = 7.1;
				LD_RUNPATH_SEARCH_PATHS = "$(inherited) @executable_path/Frameworks";
				PRODUCT_NAME = "$(TARGET_NAME)";
				VALID_ARCHS = "armv7 armv7s arm64";
			};
			name = Release;
		};
/* End XCBuildConfiguration section */

/* Begin XCConfigurationList section */
		A0E55F071AA27B4A000A4F03 /* Build configuration list for PBXProject "voziby" */ = {
			isa = XCConfigurationList;
			buildConfigurations = (
				A0E55F291AA27B4B000A4F03 /* Debug */,
				A0E55F2A1AA27B4B000A4F03 /* Release */,
			);
			defaultConfigurationIsVisible = 0;
			defaultConfigurationName = Release;
		};
		A0E55F2B1AA27B4B000A4F03 /* Build configuration list for PBXNativeTarget "voziby" */ = {
			isa = XCConfigurationList;
			buildConfigurations = (
				A0E55F2C1AA27B4B000A4F03 /* Debug */,
				A0E55F2D1AA27B4B000A4F03 /* Release */,
			);
			defaultConfigurationIsVisible = 0;
			defaultConfigurationName = Release;
		};
/* End XCConfigurationList section */
	};
	rootObject = A0E55F041AA27B4A000A4F03 /* Project object */;
}
